// !$*UTF8*$!
{
	archiveVersion = 1;
	classes = {
	};
	objectVersion = 55;
	objects = {

/* Begin PBXBuildFile section */
		CC4EBE664D3BE521E2731C82 /* Pods_BaseCamping.framework in Frameworks */ = {isa = PBXBuildFile; fileRef = 422CE5CAE14A381643372CF5 /* Pods_BaseCamping.framework */; };
		F4665140274B338200227259 /* goCampingData.json in Resources */ = {isa = PBXBuildFile; fileRef = F466513F274B338200227259 /* goCampingData.json */; };
		F4665143274B545200227259 /* Realm in Frameworks */ = {isa = PBXBuildFile; productRef = F4665142274B545200227259 /* Realm */; };
		F4665145274B545200227259 /* RealmSwift in Frameworks */ = {isa = PBXBuildFile; productRef = F4665144274B545200227259 /* RealmSwift */; };
		F4665148274B564900227259 /* RealmModel.swift in Sources */ = {isa = PBXBuildFile; fileRef = F4665147274B564900227259 /* RealmModel.swift */; };
		F466514A274CA17600227259 /* UIImage + Extension.swift in Sources */ = {isa = PBXBuildFile; fileRef = F4665149274CA17600227259 /* UIImage + Extension.swift */; };
		F471054E274F28D30063756F /* UITextView + Extension.swift in Sources */ = {isa = PBXBuildFile; fileRef = F471054D274F28D30063756F /* UITextView + Extension.swift */; };
		F4710558274F9AE40063756F /* SearchResultTableViewCell.swift in Sources */ = {isa = PBXBuildFile; fileRef = F4710556274F9AE40063756F /* SearchResultTableViewCell.swift */; };
		F4710559274F9AE40063756F /* SearchResultTableViewCell.xib in Resources */ = {isa = PBXBuildFile; fileRef = F4710557274F9AE40063756F /* SearchResultTableViewCell.xib */; };
		F471055C274FDF2C0063756F /* ByKeywordViewController.swift in Sources */ = {isa = PBXBuildFile; fileRef = F471055B274FDF2C0063756F /* ByKeywordViewController.swift */; };
		F471055E274FDF440063756F /* ByKeyword.storyboard in Resources */ = {isa = PBXBuildFile; fileRef = F471055D274FDF440063756F /* ByKeyword.storyboard */; };
		F4710560274FE3BF0063756F /* MyMenu.storyboard in Resources */ = {isa = PBXBuildFile; fileRef = F471055F274FE3BF0063756F /* MyMenu.storyboard */; };
		F4710562274FE3D30063756F /* MyMenuViewController.swift in Sources */ = {isa = PBXBuildFile; fileRef = F4710561274FE3D30063756F /* MyMenuViewController.swift */; };
		F4710564275090720063756F /* HomeTabmanViewController.swift in Sources */ = {isa = PBXBuildFile; fileRef = F4710563275090720063756F /* HomeTabmanViewController.swift */; };
		F471056B2750C83C0063756F /* Cosmos in Frameworks */ = {isa = PBXBuildFile; productRef = F471056A2750C83C0063756F /* Cosmos */; };
		F4809985275232300071B1F7 /* IQKeyboardManagerSwift in Frameworks */ = {isa = PBXBuildFile; productRef = F4809984275232300071B1F7 /* IQKeyboardManagerSwift */; };
		F49F224027520BE50016B20E /* UITextField + Extension.swift in Sources */ = {isa = PBXBuildFile; fileRef = F49F223F27520BE40016B20E /* UITextField + Extension.swift */; };
		F4A3A83B2744FCC800EC5C7E /* AppDelegate.swift in Sources */ = {isa = PBXBuildFile; fileRef = F4A3A83A2744FCC800EC5C7E /* AppDelegate.swift */; };
		F4A3A83D2744FCC800EC5C7E /* SceneDelegate.swift in Sources */ = {isa = PBXBuildFile; fileRef = F4A3A83C2744FCC800EC5C7E /* SceneDelegate.swift */; };
		F4A3A8422744FCC800EC5C7E /* Main.storyboard in Resources */ = {isa = PBXBuildFile; fileRef = F4A3A8402744FCC800EC5C7E /* Main.storyboard */; };
		F4A3A8442744FCC900EC5C7E /* Assets.xcassets in Resources */ = {isa = PBXBuildFile; fileRef = F4A3A8432744FCC900EC5C7E /* Assets.xcassets */; };
		F4A3A8472744FCC900EC5C7E /* LaunchScreen.storyboard in Resources */ = {isa = PBXBuildFile; fileRef = F4A3A8452744FCC900EC5C7E /* LaunchScreen.storyboard */; };
		F4A3A84F2744FE4200EC5C7E /* Home.storyboard in Resources */ = {isa = PBXBuildFile; fileRef = F4A3A84E2744FE4200EC5C7E /* Home.storyboard */; };
		F4A3A8532744FF0900EC5C7E /* Detail.storyboard in Resources */ = {isa = PBXBuildFile; fileRef = F4A3A8522744FF0900EC5C7E /* Detail.storyboard */; };
		F4A3A8552744FF1F00EC5C7E /* DetailViewController.swift in Sources */ = {isa = PBXBuildFile; fileRef = F4A3A8542744FF1F00EC5C7E /* DetailViewController.swift */; };
		F4A3A8572744FFB800EC5C7E /* ByRegion.storyboard in Resources */ = {isa = PBXBuildFile; fileRef = F4A3A8562744FFB800EC5C7E /* ByRegion.storyboard */; };
		F4A3A8592744FFD000EC5C7E /* ByRegionViewController.swift in Sources */ = {isa = PBXBuildFile; fileRef = F4A3A8582744FFD000EC5C7E /* ByRegionViewController.swift */; };
		F4A6CEC527538C3C0090D014 /* ReviewCollectionViewCell.swift in Sources */ = {isa = PBXBuildFile; fileRef = F4A6CEC327538C3C0090D014 /* ReviewCollectionViewCell.swift */; };
		F4A6CEC627538C3C0090D014 /* ReviewCollectionViewCell.xib in Resources */ = {isa = PBXBuildFile; fileRef = F4A6CEC427538C3C0090D014 /* ReviewCollectionViewCell.xib */; };
		F4AD24B327539F3600B4C555 /* ReviewDetailViewController.swift in Sources */ = {isa = PBXBuildFile; fileRef = F4AD24B227539F3600B4C555 /* ReviewDetailViewController.swift */; };
		F4B705D32747321D0008A54A /* Constant.swift in Sources */ = {isa = PBXBuildFile; fileRef = F4B705D22747321D0008A54A /* Constant.swift */; };
		F4B705DA274778E10008A54A /* HomeSubViewController.swift in Sources */ = {isa = PBXBuildFile; fileRef = F4B705D8274778E10008A54A /* HomeSubViewController.swift */; };
		F4B705DB274778E10008A54A /* HomeSubViewController.xib in Resources */ = {isa = PBXBuildFile; fileRef = F4B705D9274778E10008A54A /* HomeSubViewController.xib */; };
		F4B705E6274787DA0008A54A /* HomeViewSubCollectionViewCell.swift in Sources */ = {isa = PBXBuildFile; fileRef = F4B705E4274787DA0008A54A /* HomeViewSubCollectionViewCell.swift */; };
		F4B705E7274787DA0008A54A /* HomeViewSubCollectionViewCell.xib in Resources */ = {isa = PBXBuildFile; fileRef = F4B705E5274787DA0008A54A /* HomeViewSubCollectionViewCell.xib */; };
		F4C2695F27450A8B00DA5935 /* UIView + Extension.swift in Sources */ = {isa = PBXBuildFile; fileRef = F4C2695E27450A8B00DA5935 /* UIView + Extension.swift */; };
		F4C269822745469100DA5935 /* HomeViewCollectionViewCell.swift in Sources */ = {isa = PBXBuildFile; fileRef = F4C269812745469100DA5935 /* HomeViewCollectionViewCell.swift */; };
		F4C269872745590000DA5935 /* UIColor + Extension.swift in Sources */ = {isa = PBXBuildFile; fileRef = F4C269862745590000DA5935 /* UIColor + Extension.swift */; };
		F4C28C3A2747CE3F0014F0CC /* HomeViewWeatherCollectionViewCell.swift in Sources */ = {isa = PBXBuildFile; fileRef = F4C28C382747CE3F0014F0CC /* HomeViewWeatherCollectionViewCell.swift */; };
		F4C28C3B2747CE3F0014F0CC /* HomeViewWeatherCollectionViewCell.xib in Resources */ = {isa = PBXBuildFile; fileRef = F4C28C392747CE3F0014F0CC /* HomeViewWeatherCollectionViewCell.xib */; };
		F4C28C3E2747D5670014F0CC /* Kingfisher in Frameworks */ = {isa = PBXBuildFile; productRef = F4C28C3D2747D5670014F0CC /* Kingfisher */; };
		F4C28C412747D5950014F0CC /* Alamofire in Frameworks */ = {isa = PBXBuildFile; productRef = F4C28C402747D5950014F0CC /* Alamofire */; };
		F4C28C442747D5B70014F0CC /* SwiftyJSON in Frameworks */ = {isa = PBXBuildFile; productRef = F4C28C432747D5B70014F0CC /* SwiftyJSON */; };
		F4C28C462747D8FF0014F0CC /* InfoModel.swift in Sources */ = {isa = PBXBuildFile; fileRef = F4C28C452747D8FF0014F0CC /* InfoModel.swift */; };
		F4D9F47B2753280E0091CB64 /* LikedPlaceViewController.swift in Sources */ = {isa = PBXBuildFile; fileRef = F4D9F47A2753280E0091CB64 /* LikedPlaceViewController.swift */; };
		F4D9F47D275328460091CB64 /* ReviewListViewController.swift in Sources */ = {isa = PBXBuildFile; fileRef = F4D9F47C275328460091CB64 /* ReviewListViewController.swift */; };
		F4D9F481275333A80091CB64 /* LikedPlaceCollectionViewCell.swift in Sources */ = {isa = PBXBuildFile; fileRef = F4D9F47F275333A80091CB64 /* LikedPlaceCollectionViewCell.swift */; };
		F4D9F482275333A80091CB64 /* LikedPlaceCollectionViewCell.xib in Resources */ = {isa = PBXBuildFile; fileRef = F4D9F480275333A80091CB64 /* LikedPlaceCollectionViewCell.xib */; };
		F4DA27322754D9C2006E3E5C /* BasePaddingUILabel.swift in Sources */ = {isa = PBXBuildFile; fileRef = F4DA27312754D9C2006E3E5C /* BasePaddingUILabel.swift */; };
		F4F22E3027546DA40060C101 /* Toast in Frameworks */ = {isa = PBXBuildFile; productRef = F4F22E2F27546DA40060C101 /* Toast */; };
		F4F22E352754C61A0060C101 /* KeywordResultTableViewController.swift in Sources */ = {isa = PBXBuildFile; fileRef = F4F22E332754C61A0060C101 /* KeywordResultTableViewController.swift */; };
		F4F22E362754C61A0060C101 /* KeywordResultTableViewController.xib in Resources */ = {isa = PBXBuildFile; fileRef = F4F22E342754C61A0060C101 /* KeywordResultTableViewController.xib */; };
		F4FC2836274E663400106EB2 /* DetailSocialTableViewCell.swift in Sources */ = {isa = PBXBuildFile; fileRef = F4FC2834274E663400106EB2 /* DetailSocialTableViewCell.swift */; };
		F4FC2837274E663400106EB2 /* DetailSocialTableViewCell.xib in Resources */ = {isa = PBXBuildFile; fileRef = F4FC2835274E663400106EB2 /* DetailSocialTableViewCell.xib */; };
		F4FC283A274E69F700106EB2 /* DetailSocialTableViewHeader.swift in Sources */ = {isa = PBXBuildFile; fileRef = F4FC2839274E69F700106EB2 /* DetailSocialTableViewHeader.swift */; };
		F4FC283C274E6A2700106EB2 /* DetailSocialTableViewHeader.xib in Resources */ = {isa = PBXBuildFile; fileRef = F4FC283B274E6A2700106EB2 /* DetailSocialTableViewHeader.xib */; };
		F4FC283E274E9F2100106EB2 /* WebViewController.swift in Sources */ = {isa = PBXBuildFile; fileRef = F4FC283D274E9F2100106EB2 /* WebViewController.swift */; };
		F4FC2843274EAE1A00106EB2 /* CreateViewController.swift in Sources */ = {isa = PBXBuildFile; fileRef = F4FC2842274EAE1A00106EB2 /* CreateViewController.swift */; };
/* End PBXBuildFile section */

/* Begin PBXFileReference section */
		422CE5CAE14A381643372CF5 /* Pods_BaseCamping.framework */ = {isa = PBXFileReference; explicitFileType = wrapper.framework; includeInIndex = 0; path = Pods_BaseCamping.framework; sourceTree = BUILT_PRODUCTS_DIR; };
		433195586D8A8584C270F82F /* Pods-BaseCamping.debug.xcconfig */ = {isa = PBXFileReference; includeInIndex = 1; lastKnownFileType = text.xcconfig; name = "Pods-BaseCamping.debug.xcconfig"; path = "Target Support Files/Pods-BaseCamping/Pods-BaseCamping.debug.xcconfig"; sourceTree = "<group>"; };
		F466513F274B338200227259 /* goCampingData.json */ = {isa = PBXFileReference; fileEncoding = 4; lastKnownFileType = text.json; path = goCampingData.json; sourceTree = "<group>"; };
		F4665147274B564900227259 /* RealmModel.swift */ = {isa = PBXFileReference; lastKnownFileType = sourcecode.swift; path = RealmModel.swift; sourceTree = "<group>"; };
		F4665149274CA17600227259 /* UIImage + Extension.swift */ = {isa = PBXFileReference; lastKnownFileType = sourcecode.swift; path = "UIImage + Extension.swift"; sourceTree = "<group>"; };
		F471054D274F28D30063756F /* UITextView + Extension.swift */ = {isa = PBXFileReference; lastKnownFileType = sourcecode.swift; path = "UITextView + Extension.swift"; sourceTree = "<group>"; };
		F4710556274F9AE40063756F /* SearchResultTableViewCell.swift */ = {isa = PBXFileReference; lastKnownFileType = sourcecode.swift; path = SearchResultTableViewCell.swift; sourceTree = "<group>"; };
		F4710557274F9AE40063756F /* SearchResultTableViewCell.xib */ = {isa = PBXFileReference; lastKnownFileType = file.xib; path = SearchResultTableViewCell.xib; sourceTree = "<group>"; };
		F471055B274FDF2C0063756F /* ByKeywordViewController.swift */ = {isa = PBXFileReference; lastKnownFileType = sourcecode.swift; path = ByKeywordViewController.swift; sourceTree = "<group>"; };
		F471055D274FDF440063756F /* ByKeyword.storyboard */ = {isa = PBXFileReference; lastKnownFileType = file.storyboard; path = ByKeyword.storyboard; sourceTree = "<group>"; };
		F471055F274FE3BF0063756F /* MyMenu.storyboard */ = {isa = PBXFileReference; lastKnownFileType = file.storyboard; path = MyMenu.storyboard; sourceTree = "<group>"; };
		F4710561274FE3D30063756F /* MyMenuViewController.swift */ = {isa = PBXFileReference; lastKnownFileType = sourcecode.swift; path = MyMenuViewController.swift; sourceTree = "<group>"; };
		F4710563275090720063756F /* HomeTabmanViewController.swift */ = {isa = PBXFileReference; lastKnownFileType = sourcecode.swift; path = HomeTabmanViewController.swift; sourceTree = "<group>"; };
		F49F223F27520BE40016B20E /* UITextField + Extension.swift */ = {isa = PBXFileReference; lastKnownFileType = sourcecode.swift; path = "UITextField + Extension.swift"; sourceTree = "<group>"; };
		F4A3A8372744FCC800EC5C7E /* BaseCamping.app */ = {isa = PBXFileReference; explicitFileType = wrapper.application; includeInIndex = 0; path = BaseCamping.app; sourceTree = BUILT_PRODUCTS_DIR; };
		F4A3A83A2744FCC800EC5C7E /* AppDelegate.swift */ = {isa = PBXFileReference; lastKnownFileType = sourcecode.swift; path = AppDelegate.swift; sourceTree = "<group>"; };
		F4A3A83C2744FCC800EC5C7E /* SceneDelegate.swift */ = {isa = PBXFileReference; lastKnownFileType = sourcecode.swift; path = SceneDelegate.swift; sourceTree = "<group>"; };
		F4A3A8412744FCC800EC5C7E /* Base */ = {isa = PBXFileReference; lastKnownFileType = file.storyboard; name = Base; path = Base.lproj/Main.storyboard; sourceTree = "<group>"; };
		F4A3A8432744FCC900EC5C7E /* Assets.xcassets */ = {isa = PBXFileReference; lastKnownFileType = folder.assetcatalog; path = Assets.xcassets; sourceTree = "<group>"; };
		F4A3A8462744FCC900EC5C7E /* Base */ = {isa = PBXFileReference; lastKnownFileType = file.storyboard; name = Base; path = Base.lproj/LaunchScreen.storyboard; sourceTree = "<group>"; };
		F4A3A8482744FCC900EC5C7E /* Info.plist */ = {isa = PBXFileReference; lastKnownFileType = text.plist.xml; path = Info.plist; sourceTree = "<group>"; };
		F4A3A84E2744FE4200EC5C7E /* Home.storyboard */ = {isa = PBXFileReference; lastKnownFileType = file.storyboard; path = Home.storyboard; sourceTree = "<group>"; };
		F4A3A8522744FF0900EC5C7E /* Detail.storyboard */ = {isa = PBXFileReference; lastKnownFileType = file.storyboard; path = Detail.storyboard; sourceTree = "<group>"; };
		F4A3A8542744FF1F00EC5C7E /* DetailViewController.swift */ = {isa = PBXFileReference; lastKnownFileType = sourcecode.swift; path = DetailViewController.swift; sourceTree = "<group>"; };
		F4A3A8562744FFB800EC5C7E /* ByRegion.storyboard */ = {isa = PBXFileReference; lastKnownFileType = file.storyboard; path = ByRegion.storyboard; sourceTree = "<group>"; };
		F4A3A8582744FFD000EC5C7E /* ByRegionViewController.swift */ = {isa = PBXFileReference; lastKnownFileType = sourcecode.swift; path = ByRegionViewController.swift; sourceTree = "<group>"; };
		F4A6CEC327538C3C0090D014 /* ReviewCollectionViewCell.swift */ = {isa = PBXFileReference; lastKnownFileType = sourcecode.swift; path = ReviewCollectionViewCell.swift; sourceTree = "<group>"; };
		F4A6CEC427538C3C0090D014 /* ReviewCollectionViewCell.xib */ = {isa = PBXFileReference; lastKnownFileType = file.xib; path = ReviewCollectionViewCell.xib; sourceTree = "<group>"; };
		F4AD24B227539F3600B4C555 /* ReviewDetailViewController.swift */ = {isa = PBXFileReference; lastKnownFileType = sourcecode.swift; path = ReviewDetailViewController.swift; sourceTree = "<group>"; };
		F4B705D22747321D0008A54A /* Constant.swift */ = {isa = PBXFileReference; lastKnownFileType = sourcecode.swift; path = Constant.swift; sourceTree = "<group>"; };
		F4B705D8274778E10008A54A /* HomeSubViewController.swift */ = {isa = PBXFileReference; lastKnownFileType = sourcecode.swift; path = HomeSubViewController.swift; sourceTree = "<group>"; };
		F4B705D9274778E10008A54A /* HomeSubViewController.xib */ = {isa = PBXFileReference; lastKnownFileType = file.xib; path = HomeSubViewController.xib; sourceTree = "<group>"; };
		F4B705E4274787DA0008A54A /* HomeViewSubCollectionViewCell.swift */ = {isa = PBXFileReference; lastKnownFileType = sourcecode.swift; path = HomeViewSubCollectionViewCell.swift; sourceTree = "<group>"; };
		F4B705E5274787DA0008A54A /* HomeViewSubCollectionViewCell.xib */ = {isa = PBXFileReference; lastKnownFileType = file.xib; path = HomeViewSubCollectionViewCell.xib; sourceTree = "<group>"; };
		F4C2695E27450A8B00DA5935 /* UIView + Extension.swift */ = {isa = PBXFileReference; lastKnownFileType = sourcecode.swift; path = "UIView + Extension.swift"; sourceTree = "<group>"; };
		F4C269812745469100DA5935 /* HomeViewCollectionViewCell.swift */ = {isa = PBXFileReference; lastKnownFileType = sourcecode.swift; path = HomeViewCollectionViewCell.swift; sourceTree = "<group>"; };
		F4C269862745590000DA5935 /* UIColor + Extension.swift */ = {isa = PBXFileReference; lastKnownFileType = sourcecode.swift; path = "UIColor + Extension.swift"; sourceTree = "<group>"; };
		F4C28C382747CE3F0014F0CC /* HomeViewWeatherCollectionViewCell.swift */ = {isa = PBXFileReference; lastKnownFileType = sourcecode.swift; path = HomeViewWeatherCollectionViewCell.swift; sourceTree = "<group>"; };
		F4C28C392747CE3F0014F0CC /* HomeViewWeatherCollectionViewCell.xib */ = {isa = PBXFileReference; lastKnownFileType = file.xib; path = HomeViewWeatherCollectionViewCell.xib; sourceTree = "<group>"; };
		F4C28C452747D8FF0014F0CC /* InfoModel.swift */ = {isa = PBXFileReference; lastKnownFileType = sourcecode.swift; path = InfoModel.swift; sourceTree = "<group>"; };
		F4D9F47A2753280E0091CB64 /* LikedPlaceViewController.swift */ = {isa = PBXFileReference; lastKnownFileType = sourcecode.swift; path = LikedPlaceViewController.swift; sourceTree = "<group>"; };
		F4D9F47C275328460091CB64 /* ReviewListViewController.swift */ = {isa = PBXFileReference; lastKnownFileType = sourcecode.swift; path = ReviewListViewController.swift; sourceTree = "<group>"; };
		F4D9F47F275333A80091CB64 /* LikedPlaceCollectionViewCell.swift */ = {isa = PBXFileReference; lastKnownFileType = sourcecode.swift; path = LikedPlaceCollectionViewCell.swift; sourceTree = "<group>"; };
		F4D9F480275333A80091CB64 /* LikedPlaceCollectionViewCell.xib */ = {isa = PBXFileReference; lastKnownFileType = file.xib; path = LikedPlaceCollectionViewCell.xib; sourceTree = "<group>"; };
		F4DA27312754D9C2006E3E5C /* BasePaddingUILabel.swift */ = {isa = PBXFileReference; lastKnownFileType = sourcecode.swift; path = BasePaddingUILabel.swift; sourceTree = "<group>"; };
		F4F22E332754C61A0060C101 /* KeywordResultTableViewController.swift */ = {isa = PBXFileReference; lastKnownFileType = sourcecode.swift; path = KeywordResultTableViewController.swift; sourceTree = "<group>"; };
		F4F22E342754C61A0060C101 /* KeywordResultTableViewController.xib */ = {isa = PBXFileReference; lastKnownFileType = file.xib; path = KeywordResultTableViewController.xib; sourceTree = "<group>"; };
		F4FC2834274E663400106EB2 /* DetailSocialTableViewCell.swift */ = {isa = PBXFileReference; lastKnownFileType = sourcecode.swift; path = DetailSocialTableViewCell.swift; sourceTree = "<group>"; };
		F4FC2835274E663400106EB2 /* DetailSocialTableViewCell.xib */ = {isa = PBXFileReference; lastKnownFileType = file.xib; path = DetailSocialTableViewCell.xib; sourceTree = "<group>"; };
		F4FC2839274E69F700106EB2 /* DetailSocialTableViewHeader.swift */ = {isa = PBXFileReference; lastKnownFileType = sourcecode.swift; path = DetailSocialTableViewHeader.swift; sourceTree = "<group>"; };
		F4FC283B274E6A2700106EB2 /* DetailSocialTableViewHeader.xib */ = {isa = PBXFileReference; lastKnownFileType = file.xib; path = DetailSocialTableViewHeader.xib; sourceTree = "<group>"; };
		F4FC283D274E9F2100106EB2 /* WebViewController.swift */ = {isa = PBXFileReference; lastKnownFileType = sourcecode.swift; path = WebViewController.swift; sourceTree = "<group>"; };
		F4FC2842274EAE1A00106EB2 /* CreateViewController.swift */ = {isa = PBXFileReference; lastKnownFileType = sourcecode.swift; path = CreateViewController.swift; sourceTree = "<group>"; };
		F7A43F3D23BFDAA6A26C855F /* Pods-BaseCamping.release.xcconfig */ = {isa = PBXFileReference; includeInIndex = 1; lastKnownFileType = text.xcconfig; name = "Pods-BaseCamping.release.xcconfig"; path = "Target Support Files/Pods-BaseCamping/Pods-BaseCamping.release.xcconfig"; sourceTree = "<group>"; };
/* End PBXFileReference section */

/* Begin PBXFrameworksBuildPhase section */
		F4A3A8342744FCC800EC5C7E /* Frameworks */ = {
			isa = PBXFrameworksBuildPhase;
			buildActionMask = 2147483647;
			files = (
				F4665145274B545200227259 /* RealmSwift in Frameworks */,
				F4809985275232300071B1F7 /* IQKeyboardManagerSwift in Frameworks */,
				F4C28C412747D5950014F0CC /* Alamofire in Frameworks */,
				F4F22E3027546DA40060C101 /* Toast in Frameworks */,
				F471056B2750C83C0063756F /* Cosmos in Frameworks */,
				F4C28C3E2747D5670014F0CC /* Kingfisher in Frameworks */,
				F4C28C442747D5B70014F0CC /* SwiftyJSON in Frameworks */,
				CC4EBE664D3BE521E2731C82 /* Pods_BaseCamping.framework in Frameworks */,
				F4665143274B545200227259 /* Realm in Frameworks */,
			);
			runOnlyForDeploymentPostprocessing = 0;
		};
/* End PBXFrameworksBuildPhase section */

/* Begin PBXGroup section */
		7485E4D4071A40B77D4DE080 /* Frameworks */ = {
			isa = PBXGroup;
			children = (
				422CE5CAE14A381643372CF5 /* Pods_BaseCamping.framework */,
			);
			name = Frameworks;
			sourceTree = "<group>";
		};
		F466513D274B330F00227259 /* Detail */ = {
			isa = PBXGroup;
			children = (
				F4FC2833274E660200106EB2 /* CellView */,
				F4A3A8522744FF0900EC5C7E /* Detail.storyboard */,
				F4FC283D274E9F2100106EB2 /* WebViewController.swift */,
				F4FC2842274EAE1A00106EB2 /* CreateViewController.swift */,
				F4A3A8542744FF1F00EC5C7E /* DetailViewController.swift */,
			);
			path = Detail;
			sourceTree = "<group>";
		};
		F466513E274B335A00227259 /* Resource */ = {
			isa = PBXGroup;
			children = (
				F466513F274B338200227259 /* goCampingData.json */,
			);
			path = Resource;
			sourceTree = "<group>";
		};
		F4665146274B561000227259 /* Realm */ = {
			isa = PBXGroup;
			children = (
				F4665147274B564900227259 /* RealmModel.swift */,
			);
			path = Realm;
			sourceTree = "<group>";
		};
		F471054F274F683C0063756F /* SubView */ = {
			isa = PBXGroup;
			children = (
			);
			path = SubView;
			sourceTree = "<group>";
		};
		F471055A274F9AEB0063756F /* CellView */ = {
			isa = PBXGroup;
			children = (
				F4710557274F9AE40063756F /* SearchResultTableViewCell.xib */,
				F4710556274F9AE40063756F /* SearchResultTableViewCell.swift */,
			);
			path = CellView;
			sourceTree = "<group>";
		};
		F4A3A82E2744FCC800EC5C7E = {
			isa = PBXGroup;
			children = (
				F4A3A8392744FCC800EC5C7E /* BaseCamping */,
				F4A3A8382744FCC800EC5C7E /* Products */,
				F6714C583BBA20B335DD37DA /* Pods */,
				7485E4D4071A40B77D4DE080 /* Frameworks */,
			);
			sourceTree = "<group>";
		};
		F4A3A8382744FCC800EC5C7E /* Products */ = {
			isa = PBXGroup;
			children = (
				F4A3A8372744FCC800EC5C7E /* BaseCamping.app */,
			);
			name = Products;
			sourceTree = "<group>";
		};
		F4A3A8392744FCC800EC5C7E /* BaseCamping */ = {
			isa = PBXGroup;
			children = (
				F4A3A83A2744FCC800EC5C7E /* AppDelegate.swift */,
				F4A3A83C2744FCC800EC5C7E /* SceneDelegate.swift */,
				F4A3A8402744FCC800EC5C7E /* Main.storyboard */,
				F4C26955274508B300DA5935 /* Home */,
				F466513D274B330F00227259 /* Detail */,
				F4B705D127472DA20008A54A /* ByRegion */,
				F4FC2840274EABF700106EB2 /* ByKeyword */,
				F4FC2841274EADB500106EB2 /* MyMenu */,
				F4C2695D27450A5900DA5935 /* Extension */,
				F466513E274B335A00227259 /* Resource */,
				F4665146274B561000227259 /* Realm */,
				F4C28C452747D8FF0014F0CC /* InfoModel.swift */,
				F4B705D22747321D0008A54A /* Constant.swift */,
				F4A3A8432744FCC900EC5C7E /* Assets.xcassets */,
				F4A3A8452744FCC900EC5C7E /* LaunchScreen.storyboard */,
				F4A3A8482744FCC900EC5C7E /* Info.plist */,
			);
			path = BaseCamping;
			sourceTree = "<group>";
		};
		F4B705D127472DA20008A54A /* ByRegion */ = {
			isa = PBXGroup;
			children = (
				F471055A274F9AEB0063756F /* CellView */,
				F471054F274F683C0063756F /* SubView */,
				F4A3A8562744FFB800EC5C7E /* ByRegion.storyboard */,
				F4A3A8582744FFD000EC5C7E /* ByRegionViewController.swift */,
			);
			path = ByRegion;
			sourceTree = "<group>";
		};
		F4C26955274508B300DA5935 /* Home */ = {
			isa = PBXGroup;
			children = (
				F4C26956274508C500DA5935 /* SubView */,
				F4C26980274540AD00DA5935 /* CellView */,
				F4A3A84E2744FE4200EC5C7E /* Home.storyboard */,
				F4710563275090720063756F /* HomeTabmanViewController.swift */,
			);
			path = Home;
			sourceTree = "<group>";
		};
		F4C26956274508C500DA5935 /* SubView */ = {
			isa = PBXGroup;
			children = (
				F4B705D9274778E10008A54A /* HomeSubViewController.xib */,
				F4B705D8274778E10008A54A /* HomeSubViewController.swift */,
			);
			path = SubView;
			sourceTree = "<group>";
		};
		F4C2695D27450A5900DA5935 /* Extension */ = {
			isa = PBXGroup;
			children = (
				F4DA27312754D9C2006E3E5C /* BasePaddingUILabel.swift */,
				F4C2695E27450A8B00DA5935 /* UIView + Extension.swift */,
				F4C269862745590000DA5935 /* UIColor + Extension.swift */,
				F4665149274CA17600227259 /* UIImage + Extension.swift */,
				F471054D274F28D30063756F /* UITextView + Extension.swift */,
				F49F223F27520BE40016B20E /* UITextField + Extension.swift */,
			);
			path = Extension;
			sourceTree = "<group>";
		};
		F4C26980274540AD00DA5935 /* CellView */ = {
			isa = PBXGroup;
			children = (
				F4C269812745469100DA5935 /* HomeViewCollectionViewCell.swift */,
				F4B705E4274787DA0008A54A /* HomeViewSubCollectionViewCell.swift */,
				F4B705E5274787DA0008A54A /* HomeViewSubCollectionViewCell.xib */,
				F4C28C382747CE3F0014F0CC /* HomeViewWeatherCollectionViewCell.swift */,
				F4C28C392747CE3F0014F0CC /* HomeViewWeatherCollectionViewCell.xib */,
			);
			path = CellView;
			sourceTree = "<group>";
		};
		F4D9F479275327820091CB64 /* SubView */ = {
			isa = PBXGroup;
			children = (
				F4D9F47A2753280E0091CB64 /* LikedPlaceViewController.swift */,
				F4AD24B227539F3600B4C555 /* ReviewDetailViewController.swift */,
				F4D9F47C275328460091CB64 /* ReviewListViewController.swift */,
			);
			path = SubView;
			sourceTree = "<group>";
		};
		F4D9F47E275333790091CB64 /* CellView */ = {
			isa = PBXGroup;
			children = (
				F4D9F480275333A80091CB64 /* LikedPlaceCollectionViewCell.xib */,
				F4D9F47F275333A80091CB64 /* LikedPlaceCollectionViewCell.swift */,
				F4A6CEC427538C3C0090D014 /* ReviewCollectionViewCell.xib */,
				F4A6CEC327538C3C0090D014 /* ReviewCollectionViewCell.swift */,
			);
			path = CellView;
			sourceTree = "<group>";
		};
		F4F22E312754C5D80060C101 /* SubView */ = {
			isa = PBXGroup;
			children = (
				F4F22E342754C61A0060C101 /* KeywordResultTableViewController.xib */,
				F4F22E332754C61A0060C101 /* KeywordResultTableViewController.swift */,
			);
			path = SubView;
			sourceTree = "<group>";
		};
		F4FC2833274E660200106EB2 /* CellView */ = {
			isa = PBXGroup;
			children = (
				F4FC2835274E663400106EB2 /* DetailSocialTableViewCell.xib */,
				F4FC2834274E663400106EB2 /* DetailSocialTableViewCell.swift */,
				F4FC283B274E6A2700106EB2 /* DetailSocialTableViewHeader.xib */,
				F4FC2839274E69F700106EB2 /* DetailSocialTableViewHeader.swift */,
			);
			path = CellView;
			sourceTree = "<group>";
		};
		F4FC2840274EABF700106EB2 /* ByKeyword */ = {
			isa = PBXGroup;
			children = (
				F4F22E312754C5D80060C101 /* SubView */,
				F471055D274FDF440063756F /* ByKeyword.storyboard */,
				F471055B274FDF2C0063756F /* ByKeywordViewController.swift */,
			);
			path = ByKeyword;
			sourceTree = "<group>";
		};
		F4FC2841274EADB500106EB2 /* MyMenu */ = {
			isa = PBXGroup;
			children = (
				F4D9F479275327820091CB64 /* SubView */,
				F4D9F47E275333790091CB64 /* CellView */,
				F471055F274FE3BF0063756F /* MyMenu.storyboard */,
				F4710561274FE3D30063756F /* MyMenuViewController.swift */,
			);
			path = MyMenu;
			sourceTree = "<group>";
		};
		F6714C583BBA20B335DD37DA /* Pods */ = {
			isa = PBXGroup;
			children = (
				433195586D8A8584C270F82F /* Pods-BaseCamping.debug.xcconfig */,
				F7A43F3D23BFDAA6A26C855F /* Pods-BaseCamping.release.xcconfig */,
			);
			path = Pods;
			sourceTree = "<group>";
		};
/* End PBXGroup section */

/* Begin PBXNativeTarget section */
		F4A3A8362744FCC800EC5C7E /* BaseCamping */ = {
			isa = PBXNativeTarget;
			buildConfigurationList = F4A3A84B2744FCC900EC5C7E /* Build configuration list for PBXNativeTarget "BaseCamping" */;
			buildPhases = (
				CD6BDA9B1B59214EEE428234 /* [CP] Check Pods Manifest.lock */,
				F4A3A8332744FCC800EC5C7E /* Sources */,
				F4A3A8342744FCC800EC5C7E /* Frameworks */,
				F4A3A8352744FCC800EC5C7E /* Resources */,
				87CFB0EEE12F7B5B16803B8D /* [CP] Embed Pods Frameworks */,
			);
			buildRules = (
			);
			dependencies = (
			);
			name = BaseCamping;
			packageProductDependencies = (
				F4C28C3D2747D5670014F0CC /* Kingfisher */,
				F4C28C402747D5950014F0CC /* Alamofire */,
				F4C28C432747D5B70014F0CC /* SwiftyJSON */,
				F4665142274B545200227259 /* Realm */,
				F4665144274B545200227259 /* RealmSwift */,
				F471056A2750C83C0063756F /* Cosmos */,
				F4809984275232300071B1F7 /* IQKeyboardManagerSwift */,
				F4F22E2F27546DA40060C101 /* Toast */,
			);
			productName = BaseCamping;
			productReference = F4A3A8372744FCC800EC5C7E /* BaseCamping.app */;
			productType = "com.apple.product-type.application";
		};
/* End PBXNativeTarget section */

/* Begin PBXProject section */
		F4A3A82F2744FCC800EC5C7E /* Project object */ = {
			isa = PBXProject;
			attributes = {
				BuildIndependentTargetsInParallel = 1;
				LastSwiftUpdateCheck = 1310;
				LastUpgradeCheck = 1310;
				TargetAttributes = {
					F4A3A8362744FCC800EC5C7E = {
						CreatedOnToolsVersion = 13.1;
					};
				};
			};
			buildConfigurationList = F4A3A8322744FCC800EC5C7E /* Build configuration list for PBXProject "BaseCamping" */;
			compatibilityVersion = "Xcode 13.0";
			developmentRegion = en;
			hasScannedForEncodings = 0;
			knownRegions = (
				en,
				Base,
			);
			mainGroup = F4A3A82E2744FCC800EC5C7E;
			packageReferences = (
				F4C28C3C2747D5670014F0CC /* XCRemoteSwiftPackageReference "Kingfisher" */,
				F4C28C3F2747D5950014F0CC /* XCRemoteSwiftPackageReference "Alamofire" */,
				F4C28C422747D5B70014F0CC /* XCRemoteSwiftPackageReference "SwiftyJSON" */,
				F4665141274B545200227259 /* XCRemoteSwiftPackageReference "realm-cocoa" */,
				F47105692750C83C0063756F /* XCRemoteSwiftPackageReference "Cosmos" */,
				F4809983275232300071B1F7 /* XCRemoteSwiftPackageReference "IQKeyboardManager" */,
				F4F22E2E27546DA30060C101 /* XCRemoteSwiftPackageReference "Toast-Swift" */,
			);
			productRefGroup = F4A3A8382744FCC800EC5C7E /* Products */;
			projectDirPath = "";
			projectRoot = "";
			targets = (
				F4A3A8362744FCC800EC5C7E /* BaseCamping */,
			);
		};
/* End PBXProject section */

/* Begin PBXResourcesBuildPhase section */
		F4A3A8352744FCC800EC5C7E /* Resources */ = {
			isa = PBXResourcesBuildPhase;
			buildActionMask = 2147483647;
			files = (
				F4710560274FE3BF0063756F /* MyMenu.storyboard in Resources */,
				F4665140274B338200227259 /* goCampingData.json in Resources */,
				F4A3A8472744FCC900EC5C7E /* LaunchScreen.storyboard in Resources */,
				F4A3A8442744FCC900EC5C7E /* Assets.xcassets in Resources */,
				F4710559274F9AE40063756F /* SearchResultTableViewCell.xib in Resources */,
				F4A3A8422744FCC800EC5C7E /* Main.storyboard in Resources */,
				F471055E274FDF440063756F /* ByKeyword.storyboard in Resources */,
				F4FC283C274E6A2700106EB2 /* DetailSocialTableViewHeader.xib in Resources */,
				F4F22E362754C61A0060C101 /* KeywordResultTableViewController.xib in Resources */,
				F4A3A8572744FFB800EC5C7E /* ByRegion.storyboard in Resources */,
				F4A3A8532744FF0900EC5C7E /* Detail.storyboard in Resources */,
				F4FC2837274E663400106EB2 /* DetailSocialTableViewCell.xib in Resources */,
				F4C28C3B2747CE3F0014F0CC /* HomeViewWeatherCollectionViewCell.xib in Resources */,
				F4D9F482275333A80091CB64 /* LikedPlaceCollectionViewCell.xib in Resources */,
				F4A3A84F2744FE4200EC5C7E /* Home.storyboard in Resources */,
				F4B705DB274778E10008A54A /* HomeSubViewController.xib in Resources */,
				F4B705E7274787DA0008A54A /* HomeViewSubCollectionViewCell.xib in Resources */,
				F4A6CEC627538C3C0090D014 /* ReviewCollectionViewCell.xib in Resources */,
			);
			runOnlyForDeploymentPostprocessing = 0;
		};
/* End PBXResourcesBuildPhase section */

/* Begin PBXShellScriptBuildPhase section */
		87CFB0EEE12F7B5B16803B8D /* [CP] Embed Pods Frameworks */ = {
			isa = PBXShellScriptBuildPhase;
			buildActionMask = 2147483647;
			files = (
			);
			inputFileListPaths = (
				"${PODS_ROOT}/Target Support Files/Pods-BaseCamping/Pods-BaseCamping-frameworks-${CONFIGURATION}-input-files.xcfilelist",
			);
			name = "[CP] Embed Pods Frameworks";
			outputFileListPaths = (
				"${PODS_ROOT}/Target Support Files/Pods-BaseCamping/Pods-BaseCamping-frameworks-${CONFIGURATION}-output-files.xcfilelist",
			);
			runOnlyForDeploymentPostprocessing = 0;
			shellPath = /bin/sh;
			shellScript = "\"${PODS_ROOT}/Target Support Files/Pods-BaseCamping/Pods-BaseCamping-frameworks.sh\"\n";
			showEnvVarsInLog = 0;
		};
		CD6BDA9B1B59214EEE428234 /* [CP] Check Pods Manifest.lock */ = {
			isa = PBXShellScriptBuildPhase;
			buildActionMask = 2147483647;
			files = (
			);
			inputFileListPaths = (
			);
			inputPaths = (
				"${PODS_PODFILE_DIR_PATH}/Podfile.lock",
				"${PODS_ROOT}/Manifest.lock",
			);
			name = "[CP] Check Pods Manifest.lock";
			outputFileListPaths = (
			);
			outputPaths = (
				"$(DERIVED_FILE_DIR)/Pods-BaseCamping-checkManifestLockResult.txt",
			);
			runOnlyForDeploymentPostprocessing = 0;
			shellPath = /bin/sh;
			shellScript = "diff \"${PODS_PODFILE_DIR_PATH}/Podfile.lock\" \"${PODS_ROOT}/Manifest.lock\" > /dev/null\nif [ $? != 0 ] ; then\n    # print error to STDERR\n    echo \"error: The sandbox is not in sync with the Podfile.lock. Run 'pod install' or update your CocoaPods installation.\" >&2\n    exit 1\nfi\n# This output is used by Xcode 'outputs' to avoid re-running this script phase.\necho \"SUCCESS\" > \"${SCRIPT_OUTPUT_FILE_0}\"\n";
			showEnvVarsInLog = 0;
		};
/* End PBXShellScriptBuildPhase section */

/* Begin PBXSourcesBuildPhase section */
		F4A3A8332744FCC800EC5C7E /* Sources */ = {
			isa = PBXSourcesBuildPhase;
			buildActionMask = 2147483647;
			files = (
				F4A3A83B2744FCC800EC5C7E /* AppDelegate.swift in Sources */,
				F4B705E6274787DA0008A54A /* HomeViewSubCollectionViewCell.swift in Sources */,
				F4C28C3A2747CE3F0014F0CC /* HomeViewWeatherCollectionViewCell.swift in Sources */,
				F4DA27322754D9C2006E3E5C /* BasePaddingUILabel.swift in Sources */,
				F4C269872745590000DA5935 /* UIColor + Extension.swift in Sources */,
				F4710564275090720063756F /* HomeTabmanViewController.swift in Sources */,
				F4C28C462747D8FF0014F0CC /* InfoModel.swift in Sources */,
				F4710558274F9AE40063756F /* SearchResultTableViewCell.swift in Sources */,
				F4B705D32747321D0008A54A /* Constant.swift in Sources */,
				F4665148274B564900227259 /* RealmModel.swift in Sources */,
				F4A3A8552744FF1F00EC5C7E /* DetailViewController.swift in Sources */,
				F4F22E352754C61A0060C101 /* KeywordResultTableViewController.swift in Sources */,
				F4710562274FE3D30063756F /* MyMenuViewController.swift in Sources */,
				F471054E274F28D30063756F /* UITextView + Extension.swift in Sources */,
				F4A3A83D2744FCC800EC5C7E /* SceneDelegate.swift in Sources */,
				F4FC283E274E9F2100106EB2 /* WebViewController.swift in Sources */,
				F4B705DA274778E10008A54A /* HomeSubViewController.swift in Sources */,
				F4FC2843274EAE1A00106EB2 /* CreateViewController.swift in Sources */,
				F4C269822745469100DA5935 /* HomeViewCollectionViewCell.swift in Sources */,
				F4D9F47B2753280E0091CB64 /* LikedPlaceViewController.swift in Sources */,
				F4FC2836274E663400106EB2 /* DetailSocialTableViewCell.swift in Sources */,
				F4A3A8592744FFD000EC5C7E /* ByRegionViewController.swift in Sources */,
				F471055C274FDF2C0063756F /* ByKeywordViewController.swift in Sources */,
				F4D9F481275333A80091CB64 /* LikedPlaceCollectionViewCell.swift in Sources */,
				F466514A274CA17600227259 /* UIImage + Extension.swift in Sources */,
				F4C2695F27450A8B00DA5935 /* UIView + Extension.swift in Sources */,
				F4FC283A274E69F700106EB2 /* DetailSocialTableViewHeader.swift in Sources */,
				F4AD24B327539F3600B4C555 /* ReviewDetailViewController.swift in Sources */,
				F49F224027520BE50016B20E /* UITextField + Extension.swift in Sources */,
				F4A6CEC527538C3C0090D014 /* ReviewCollectionViewCell.swift in Sources */,
				F4D9F47D275328460091CB64 /* ReviewListViewController.swift in Sources */,
			);
			runOnlyForDeploymentPostprocessing = 0;
		};
/* End PBXSourcesBuildPhase section */

/* Begin PBXVariantGroup section */
		F4A3A8402744FCC800EC5C7E /* Main.storyboard */ = {
			isa = PBXVariantGroup;
			children = (
				F4A3A8412744FCC800EC5C7E /* Base */,
			);
			name = Main.storyboard;
			sourceTree = "<group>";
		};
		F4A3A8452744FCC900EC5C7E /* LaunchScreen.storyboard */ = {
			isa = PBXVariantGroup;
			children = (
				F4A3A8462744FCC900EC5C7E /* Base */,
			);
			name = LaunchScreen.storyboard;
			sourceTree = "<group>";
		};
/* End PBXVariantGroup section */

/* Begin XCBuildConfiguration section */
		F4A3A8492744FCC900EC5C7E /* Debug */ = {
			isa = XCBuildConfiguration;
			buildSettings = {
				ALWAYS_SEARCH_USER_PATHS = NO;
				CLANG_ANALYZER_NONNULL = YES;
				CLANG_ANALYZER_NUMBER_OBJECT_CONVERSION = YES_AGGRESSIVE;
				CLANG_CXX_LANGUAGE_STANDARD = "gnu++17";
				CLANG_CXX_LIBRARY = "libc++";
				CLANG_ENABLE_MODULES = YES;
				CLANG_ENABLE_OBJC_ARC = YES;
				CLANG_ENABLE_OBJC_WEAK = YES;
				CLANG_WARN_BLOCK_CAPTURE_AUTORELEASING = YES;
				CLANG_WARN_BOOL_CONVERSION = YES;
				CLANG_WARN_COMMA = YES;
				CLANG_WARN_CONSTANT_CONVERSION = YES;
				CLANG_WARN_DEPRECATED_OBJC_IMPLEMENTATIONS = YES;
				CLANG_WARN_DIRECT_OBJC_ISA_USAGE = YES_ERROR;
				CLANG_WARN_DOCUMENTATION_COMMENTS = YES;
				CLANG_WARN_EMPTY_BODY = YES;
				CLANG_WARN_ENUM_CONVERSION = YES;
				CLANG_WARN_INFINITE_RECURSION = YES;
				CLANG_WARN_INT_CONVERSION = YES;
				CLANG_WARN_NON_LITERAL_NULL_CONVERSION = YES;
				CLANG_WARN_OBJC_IMPLICIT_RETAIN_SELF = YES;
				CLANG_WARN_OBJC_LITERAL_CONVERSION = YES;
				CLANG_WARN_OBJC_ROOT_CLASS = YES_ERROR;
				CLANG_WARN_QUOTED_INCLUDE_IN_FRAMEWORK_HEADER = YES;
				CLANG_WARN_RANGE_LOOP_ANALYSIS = YES;
				CLANG_WARN_STRICT_PROTOTYPES = YES;
				CLANG_WARN_SUSPICIOUS_MOVE = YES;
				CLANG_WARN_UNGUARDED_AVAILABILITY = YES_AGGRESSIVE;
				CLANG_WARN_UNREACHABLE_CODE = YES;
				CLANG_WARN__DUPLICATE_METHOD_MATCH = YES;
				COPY_PHASE_STRIP = NO;
				DEBUG_INFORMATION_FORMAT = dwarf;
				ENABLE_STRICT_OBJC_MSGSEND = YES;
				ENABLE_TESTABILITY = YES;
				GCC_C_LANGUAGE_STANDARD = gnu11;
				GCC_DYNAMIC_NO_PIC = NO;
				GCC_NO_COMMON_BLOCKS = YES;
				GCC_OPTIMIZATION_LEVEL = 0;
				GCC_PREPROCESSOR_DEFINITIONS = (
					"DEBUG=1",
					"$(inherited)",
				);
				GCC_WARN_64_TO_32_BIT_CONVERSION = YES;
				GCC_WARN_ABOUT_RETURN_TYPE = YES_ERROR;
				GCC_WARN_UNDECLARED_SELECTOR = YES;
				GCC_WARN_UNINITIALIZED_AUTOS = YES_AGGRESSIVE;
				GCC_WARN_UNUSED_FUNCTION = YES;
				GCC_WARN_UNUSED_VARIABLE = YES;
				IPHONEOS_DEPLOYMENT_TARGET = 14.0;
				MTL_ENABLE_DEBUG_INFO = INCLUDE_SOURCE;
				MTL_FAST_MATH = YES;
				ONLY_ACTIVE_ARCH = YES;
				SDKROOT = iphoneos;
				SWIFT_ACTIVE_COMPILATION_CONDITIONS = DEBUG;
				SWIFT_OPTIMIZATION_LEVEL = "-Onone";
			};
			name = Debug;
		};
		F4A3A84A2744FCC900EC5C7E /* Release */ = {
			isa = XCBuildConfiguration;
			buildSettings = {
				ALWAYS_SEARCH_USER_PATHS = NO;
				CLANG_ANALYZER_NONNULL = YES;
				CLANG_ANALYZER_NUMBER_OBJECT_CONVERSION = YES_AGGRESSIVE;
				CLANG_CXX_LANGUAGE_STANDARD = "gnu++17";
				CLANG_CXX_LIBRARY = "libc++";
				CLANG_ENABLE_MODULES = YES;
				CLANG_ENABLE_OBJC_ARC = YES;
				CLANG_ENABLE_OBJC_WEAK = YES;
				CLANG_WARN_BLOCK_CAPTURE_AUTORELEASING = YES;
				CLANG_WARN_BOOL_CONVERSION = YES;
				CLANG_WARN_COMMA = YES;
				CLANG_WARN_CONSTANT_CONVERSION = YES;
				CLANG_WARN_DEPRECATED_OBJC_IMPLEMENTATIONS = YES;
				CLANG_WARN_DIRECT_OBJC_ISA_USAGE = YES_ERROR;
				CLANG_WARN_DOCUMENTATION_COMMENTS = YES;
				CLANG_WARN_EMPTY_BODY = YES;
				CLANG_WARN_ENUM_CONVERSION = YES;
				CLANG_WARN_INFINITE_RECURSION = YES;
				CLANG_WARN_INT_CONVERSION = YES;
				CLANG_WARN_NON_LITERAL_NULL_CONVERSION = YES;
				CLANG_WARN_OBJC_IMPLICIT_RETAIN_SELF = YES;
				CLANG_WARN_OBJC_LITERAL_CONVERSION = YES;
				CLANG_WARN_OBJC_ROOT_CLASS = YES_ERROR;
				CLANG_WARN_QUOTED_INCLUDE_IN_FRAMEWORK_HEADER = YES;
				CLANG_WARN_RANGE_LOOP_ANALYSIS = YES;
				CLANG_WARN_STRICT_PROTOTYPES = YES;
				CLANG_WARN_SUSPICIOUS_MOVE = YES;
				CLANG_WARN_UNGUARDED_AVAILABILITY = YES_AGGRESSIVE;
				CLANG_WARN_UNREACHABLE_CODE = YES;
				CLANG_WARN__DUPLICATE_METHOD_MATCH = YES;
				COPY_PHASE_STRIP = NO;
				DEBUG_INFORMATION_FORMAT = "dwarf-with-dsym";
				ENABLE_NS_ASSERTIONS = NO;
				ENABLE_STRICT_OBJC_MSGSEND = YES;
				GCC_C_LANGUAGE_STANDARD = gnu11;
				GCC_NO_COMMON_BLOCKS = YES;
				GCC_WARN_64_TO_32_BIT_CONVERSION = YES;
				GCC_WARN_ABOUT_RETURN_TYPE = YES_ERROR;
				GCC_WARN_UNDECLARED_SELECTOR = YES;
				GCC_WARN_UNINITIALIZED_AUTOS = YES_AGGRESSIVE;
				GCC_WARN_UNUSED_FUNCTION = YES;
				GCC_WARN_UNUSED_VARIABLE = YES;
				IPHONEOS_DEPLOYMENT_TARGET = 14.0;
				MTL_ENABLE_DEBUG_INFO = NO;
				MTL_FAST_MATH = YES;
				ONLY_ACTIVE_ARCH = YES;
				SDKROOT = iphoneos;
				SWIFT_COMPILATION_MODE = wholemodule;
				SWIFT_OPTIMIZATION_LEVEL = "-O";
				VALIDATE_PRODUCT = YES;
			};
			name = Release;
		};
		F4A3A84C2744FCC900EC5C7E /* Debug */ = {
			isa = XCBuildConfiguration;
			baseConfigurationReference = 433195586D8A8584C270F82F /* Pods-BaseCamping.debug.xcconfig */;
			buildSettings = {
				ASSETCATALOG_COMPILER_APPICON_NAME = AppIcon;
				ASSETCATALOG_COMPILER_GLOBAL_ACCENT_COLOR_NAME = AccentColor;
				CODE_SIGN_STYLE = Automatic;
				CURRENT_PROJECT_VERSION = 1;
				DEVELOPMENT_TEAM = AT2N75TMZD;
				GENERATE_INFOPLIST_FILE = YES;
				INFOPLIST_FILE = BaseCamping/Info.plist;
				INFOPLIST_KEY_UIApplicationSupportsIndirectInputEvents = YES;
				INFOPLIST_KEY_UILaunchStoryboardName = LaunchScreen;
				INFOPLIST_KEY_UIMainStoryboardFile = Main;
				INFOPLIST_KEY_UISupportedInterfaceOrientations = UIInterfaceOrientationPortrait;
				INFOPLIST_KEY_UISupportedInterfaceOrientations_iPad = "UIInterfaceOrientationPortrait UIInterfaceOrientationPortraitUpsideDown UIInterfaceOrientationLandscapeLeft UIInterfaceOrientationLandscapeRight";
				INFOPLIST_KEY_UISupportedInterfaceOrientations_iPhone = "UIInterfaceOrientationPortrait UIInterfaceOrientationLandscapeLeft UIInterfaceOrientationLandscapeRight";
				IPHONEOS_DEPLOYMENT_TARGET = 14.0;
				LD_RUNPATH_SEARCH_PATHS = (
					"$(inherited)",
					"@executable_path/Frameworks",
				);
				MARKETING_VERSION = 1.0;
				ONLY_ACTIVE_ARCH = YES;
				PRODUCT_BUNDLE_IDENTIFIER = com.simon.BaseCamping;
				PRODUCT_NAME = "$(TARGET_NAME)";
				SWIFT_EMIT_LOC_STRINGS = YES;
				SWIFT_VERSION = 5.0;
				TARGETED_DEVICE_FAMILY = 1;
			};
			name = Debug;
		};
		F4A3A84D2744FCC900EC5C7E /* Release */ = {
			isa = XCBuildConfiguration;
			baseConfigurationReference = F7A43F3D23BFDAA6A26C855F /* Pods-BaseCamping.release.xcconfig */;
			buildSettings = {
				ASSETCATALOG_COMPILER_APPICON_NAME = AppIcon;
				ASSETCATALOG_COMPILER_GLOBAL_ACCENT_COLOR_NAME = AccentColor;
				CODE_SIGN_STYLE = Automatic;
				CURRENT_PROJECT_VERSION = 1;
				DEVELOPMENT_TEAM = AT2N75TMZD;
				GENERATE_INFOPLIST_FILE = YES;
				INFOPLIST_FILE = BaseCamping/Info.plist;
				INFOPLIST_KEY_UIApplicationSupportsIndirectInputEvents = YES;
				INFOPLIST_KEY_UILaunchStoryboardName = LaunchScreen;
				INFOPLIST_KEY_UIMainStoryboardFile = Main;
				INFOPLIST_KEY_UISupportedInterfaceOrientations = UIInterfaceOrientationPortrait;
				INFOPLIST_KEY_UISupportedInterfaceOrientations_iPad = "UIInterfaceOrientationPortrait UIInterfaceOrientationPortraitUpsideDown UIInterfaceOrientationLandscapeLeft UIInterfaceOrientationLandscapeRight";
				INFOPLIST_KEY_UISupportedInterfaceOrientations_iPhone = "UIInterfaceOrientationPortrait UIInterfaceOrientationLandscapeLeft UIInterfaceOrientationLandscapeRight";
				IPHONEOS_DEPLOYMENT_TARGET = 14.0;
				LD_RUNPATH_SEARCH_PATHS = (
					"$(inherited)",
					"@executable_path/Frameworks",
				);
				MARKETING_VERSION = 1.0;
				ONLY_ACTIVE_ARCH = YES;
				PRODUCT_BUNDLE_IDENTIFIER = com.simon.BaseCamping;
				PRODUCT_NAME = "$(TARGET_NAME)";
				SWIFT_EMIT_LOC_STRINGS = YES;
				SWIFT_VERSION = 5.0;
				TARGETED_DEVICE_FAMILY = 1;
			};
			name = Release;
		};
/* End XCBuildConfiguration section */

/* Begin XCConfigurationList section */
		F4A3A8322744FCC800EC5C7E /* Build configuration list for PBXProject "BaseCamping" */ = {
			isa = XCConfigurationList;
			buildConfigurations = (
				F4A3A8492744FCC900EC5C7E /* Debug */,
				F4A3A84A2744FCC900EC5C7E /* Release */,
			);
			defaultConfigurationIsVisible = 0;
			defaultConfigurationName = Release;
		};
		F4A3A84B2744FCC900EC5C7E /* Build configuration list for PBXNativeTarget "BaseCamping" */ = {
			isa = XCConfigurationList;
			buildConfigurations = (
				F4A3A84C2744FCC900EC5C7E /* Debug */,
				F4A3A84D2744FCC900EC5C7E /* Release */,
			);
			defaultConfigurationIsVisible = 0;
			defaultConfigurationName = Release;
		};
/* End XCConfigurationList section */

/* Begin XCRemoteSwiftPackageReference section */
		F4665141274B545200227259 /* XCRemoteSwiftPackageReference "realm-cocoa" */ = {
			isa = XCRemoteSwiftPackageReference;
			repositoryURL = "https://github.com/realm/realm-cocoa.git";
			requirement = {
				kind = exactVersion;
				version = 10.18.0;
			};
		};
		F47105692750C83C0063756F /* XCRemoteSwiftPackageReference "Cosmos" */ = {
			isa = XCRemoteSwiftPackageReference;
			repositoryURL = "https://github.com/evgenyneu/Cosmos.git";
			requirement = {
				kind = exactVersion;
				version = 23.0.0;
			};
		};
		F4809983275232300071B1F7 /* XCRemoteSwiftPackageReference "IQKeyboardManager" */ = {
			isa = XCRemoteSwiftPackageReference;
			repositoryURL = "https://github.com/hackiftekhar/IQKeyboardManager.git";
			requirement = {
				kind = exactVersion;
				version = 6.5.9;
			};
		};
		F4C28C3C2747D5670014F0CC /* XCRemoteSwiftPackageReference "Kingfisher" */ = {
			isa = XCRemoteSwiftPackageReference;
			repositoryURL = "https://github.com/onevcat/Kingfisher.git";
			requirement = {
				branch = master;
				kind = branch;
			};
		};
		F4C28C3F2747D5950014F0CC /* XCRemoteSwiftPackageReference "Alamofire" */ = {
			isa = XCRemoteSwiftPackageReference;
			repositoryURL = "https://github.com/Alamofire/Alamofire.git";
			requirement = {
				kind = upToNextMinorVersion;
				minimumVersion = 5.4.0;
			};
		};
		F4C28C422747D5B70014F0CC /* XCRemoteSwiftPackageReference "SwiftyJSON" */ = {
			isa = XCRemoteSwiftPackageReference;
			repositoryURL = "https://github.com/SwiftyJSON/SwiftyJSON.git";
			requirement = {
				kind = exactVersion;
				version = 5.0.0;
			};
		};
		F4F22E2E27546DA30060C101 /* XCRemoteSwiftPackageReference "Toast-Swift" */ = {
			isa = XCRemoteSwiftPackageReference;
			repositoryURL = "https://github.com/scalessec/Toast-Swift.git";
			requirement = {
				kind = upToNextMajorVersion;
				minimumVersion = 5.0.0;
			};
		};
/* End XCRemoteSwiftPackageReference section */

/* Begin XCSwiftPackageProductDependency section */
		F4665142274B545200227259 /* Realm */ = {
			isa = XCSwiftPackageProductDependency;
			package = F4665141274B545200227259 /* XCRemoteSwiftPackageReference "realm-cocoa" */;
			productName = Realm;
		};
		F4665144274B545200227259 /* RealmSwift */ = {
			isa = XCSwiftPackageProductDependency;
			package = F4665141274B545200227259 /* XCRemoteSwiftPackageReference "realm-cocoa" */;
			productName = RealmSwift;
		};
		F471056A2750C83C0063756F /* Cosmos */ = {
			isa = XCSwiftPackageProductDependency;
			package = F47105692750C83C0063756F /* XCRemoteSwiftPackageReference "Cosmos" */;
			productName = Cosmos;
		};
		F4809984275232300071B1F7 /* IQKeyboardManagerSwift */ = {
			isa = XCSwiftPackageProductDependency;
			package = F4809983275232300071B1F7 /* XCRemoteSwiftPackageReference "IQKeyboardManager" */;
			productName = IQKeyboardManagerSwift;
		};
		F4C28C3D2747D5670014F0CC /* Kingfisher */ = {
			isa = XCSwiftPackageProductDependency;
			package = F4C28C3C2747D5670014F0CC /* XCRemoteSwiftPackageReference "Kingfisher" */;
			productName = Kingfisher;
		};
		F4C28C402747D5950014F0CC /* Alamofire */ = {
			isa = XCSwiftPackageProductDependency;
			package = F4C28C3F2747D5950014F0CC /* XCRemoteSwiftPackageReference "Alamofire" */;
			productName = Alamofire;
		};
		F4C28C432747D5B70014F0CC /* SwiftyJSON */ = {
			isa = XCSwiftPackageProductDependency;
			package = F4C28C422747D5B70014F0CC /* XCRemoteSwiftPackageReference "SwiftyJSON" */;
			productName = SwiftyJSON;
		};
		F4F22E2F27546DA40060C101 /* Toast */ = {
			isa = XCSwiftPackageProductDependency;
			package = F4F22E2E27546DA30060C101 /* XCRemoteSwiftPackageReference "Toast-Swift" */;
			productName = Toast;
		};
/* End XCSwiftPackageProductDependency section */
	};
	rootObject = F4A3A82F2744FCC800EC5C7E /* Project object */;
}
